
Microsoft Visual Studio Solution File, Format Version 12.00
# Visual Studio Version 17
VisualStudioVersion = 17.4.33213.308
MinimumVisualStudioVersion = 10.0.40219.1
Project("{FAE04EC0-301F-11D3-BF4B-00C04F79EFBC}") = "LabSix", "LabSix\LabSix.csproj", "{BBBACF07-3821-4008-90AD-EECACED522B0}"
EndProject
Global
	GlobalSection(SolutionConfigurationPlatforms) = preSolution
		Debug|Any CPU = Debug|Any CPU
		Release|Any CPU = Release|Any CPU
	EndGlobalSection
	GlobalSection(ProjectConfigurationPlatforms) = postSolution
		{BBBACF07-3821-4008-90AD-EECACED522B0}.Debug|Any CPU.ActiveCfg = Debug|Any CPU
		{BBBACF07-3821-4008-90AD-EECACED522B0}.Debug|Any CPU.Build.0 = Debug|Any CPU
		{BBBACF07-3821-4008-90AD-EECACED522B0}.Release|Any CPU.ActiveCfg = Release|Any CPU
		{BBBACF07-3821-4008-90AD-EECACED522B0}.Release|Any CPU.Build.0 = Release|Any CPU
	EndGlobalSection
	GlobalSection(SolutionProperties) = preSolution
		HideSolutionNode = FALSE
	EndGlobalSection
	GlobalSection(ExtensibilityGlobals) = postSolution
		SolutionGuid = {F52F9488-240A-4232-9441-1A1B9006AA0C}
	EndGlobalSection
EndGlobal
